
Microsoft Visual Studio Solution File, Format Version 12.00
# Visual Studio Version 17
VisualStudioVersion = 17.13.35913.81
MinimumVisualStudioVersion = 10.0.40219.1
Project("{FAE04EC0-301F-11D3-BF4B-00C04F79EFBC}") = "DotnetCodeCompiler", "src\RoslynCodeCompiler\DotnetCodeCompiler.csproj", "{390FB0C2-4B62-7634-1A23-93512F314EA1}"
EndProject
Project("{FAE04EC0-301F-11D3-BF4B-00C04F79EFBC}") = "RoslynCodeCompiler.Test", "test\RoslynCodeCompiler.Test\RoslynCodeCompiler.Test.csproj", "{9C4D268D-88C4-9AB6-5515-50E7569CC4F6}"
EndProject
Project("{2150E333-8FDC-42A3-9474-1A3956D46DE8}") = "Solution Items", "Solution Items", "{02EA681E-C7D8-13C7-8484-4AC65E1B71E8}"
	ProjectSection(SolutionItems) = preProject
		.editorconfig = .editorconfig
	EndProjectSection
EndProject
Project("{2150E333-8FDC-42A3-9474-1A3956D46DE8}") = "Test", "Test", "{2467F521-9B75-4F0C-B09E-54BB7C070AB7}"
EndProject
Project("{FAE04EC0-301F-11D3-BF4B-00C04F79EFBC}") = "DotnetCodeCompiler.Test.WPF", "test\DotnetCodeCompiler.Test.WPF\DotnetCodeCompiler.Test.WPF.csproj", "{B95406D2-2EF1-B9CF-5C76-DBBE003E4077}"
EndProject
Global
	GlobalSection(SolutionConfigurationPlatforms) = preSolution
		Debug|Any CPU = Debug|Any CPU
		Release|Any CPU = Release|Any CPU
	EndGlobalSection
	GlobalSection(ProjectConfigurationPlatforms) = postSolution
		{390FB0C2-4B62-7634-1A23-93512F314EA1}.Debug|Any CPU.ActiveCfg = Debug|Any CPU
		{390FB0C2-4B62-7634-1A23-93512F314EA1}.Debug|Any CPU.Build.0 = Debug|Any CPU
		{390FB0C2-4B62-7634-1A23-93512F314EA1}.Release|Any CPU.ActiveCfg = Release|Any CPU
		{390FB0C2-4B62-7634-1A23-93512F314EA1}.Release|Any CPU.Build.0 = Release|Any CPU
		{9C4D268D-88C4-9AB6-5515-50E7569CC4F6}.Debug|Any CPU.ActiveCfg = Debug|Any CPU
		{9C4D268D-88C4-9AB6-5515-50E7569CC4F6}.Debug|Any CPU.Build.0 = Debug|Any CPU
		{9C4D268D-88C4-9AB6-5515-50E7569CC4F6}.Release|Any CPU.ActiveCfg = Release|Any CPU
		{9C4D268D-88C4-9AB6-5515-50E7569CC4F6}.Release|Any CPU.Build.0 = Release|Any CPU
		{B95406D2-2EF1-B9CF-5C76-DBBE003E4077}.Debug|Any CPU.ActiveCfg = Debug|Any CPU
		{B95406D2-2EF1-B9CF-5C76-DBBE003E4077}.Debug|Any CPU.Build.0 = Debug|Any CPU
		{B95406D2-2EF1-B9CF-5C76-DBBE003E4077}.Release|Any CPU.ActiveCfg = Release|Any CPU
		{B95406D2-2EF1-B9CF-5C76-DBBE003E4077}.Release|Any CPU.Build.0 = Release|Any CPU
	EndGlobalSection
	GlobalSection(SolutionProperties) = preSolution
		HideSolutionNode = FALSE
	EndGlobalSection
	GlobalSection(NestedProjects) = preSolution
		{9C4D268D-88C4-9AB6-5515-50E7569CC4F6} = {2467F521-9B75-4F0C-B09E-54BB7C070AB7}
		{B95406D2-2EF1-B9CF-5C76-DBBE003E4077} = {2467F521-9B75-4F0C-B09E-54BB7C070AB7}
	EndGlobalSection
	GlobalSection(ExtensibilityGlobals) = postSolution
		SolutionGuid = {C39F2315-016C-46A7-BAEB-5D5652F32D20}
	EndGlobalSection
EndGlobal
